
Microsoft Visual Studio Solution File, Format Version 12.00
# Visual Studio Version 16
VisualStudioVersion = 16.0.29519.181
MinimumVisualStudioVersion = 10.0.40219.1
Project("{FAE04EC0-301F-11D3-BF4B-00C04F79EFBC}") = "PhoneApplication", "PhoneApplication\PhoneApplication.csproj", "{56BB6D1A-752E-494C-841E-260E981CA611}"
EndProject
Global
	GlobalSection(SolutionConfigurationPlatforms) = preSolution
		Debug|Any CPU = Debug|Any CPU
		Release|Any CPU = Release|Any CPU
	EndGlobalSection
	GlobalSection(ProjectConfigurationPlatforms) = postSolution
		{56BB6D1A-752E-494C-841E-260E981CA611}.Debug|Any CPU.ActiveCfg = Debug|Any CPU
		{56BB6D1A-752E-494C-841E-260E981CA611}.Debug|Any CPU.Build.0 = Debug|Any CPU
		{56BB6D1A-752E-494C-841E-260E981CA611}.Release|Any CPU.ActiveCfg = Release|Any CPU
		{56BB6D1A-752E-494C-841E-260E981CA611}.Release|Any CPU.Build.0 = Release|Any CPU
	EndGlobalSection
	GlobalSection(SolutionProperties) = preSolution
		HideSolutionNode = FALSE
	EndGlobalSection
	GlobalSection(ExtensibilityGlobals) = postSolution
		SolutionGuid = {ADEF193D-0B6F-4FC8-92D1-EEAB41E22D87}
	EndGlobalSection
EndGlobal
